# This file is automatically @generated by Poetry 1.8.5 and should not be changed by hand.

[[package]]
name = "pymodbus"
version = "3.8.3"
description = "A fully featured modbus protocol stack in python"
optional = false
python-versions = ">=3.9.0"
files = [
    {file = "pymodbus-3.8.3-py3-none-any.whl", hash = "sha256:68df4a8d32e14a9eca2277141e0e129c019b0c5ad3540c2fd69ae7df2b13a2fb"},
    {file = "pymodbus-3.8.3.tar.gz", hash = "sha256:d886186bf7c3cc140f17e830919c23e4cc88334fbb91d6e5e1d7dd05860fe2c8"},
]

[package.extras]
all = ["pymodbus[development,documentation,repl,serial,simulator]"]
development = ["build (>=1.2.2)", "codespell (>=2.3.0)", "coverage (>=7.6.1)", "mypy (>=1.11.2)", "pylint (>=3.3.0)", "pytest (>=8.3.3)", "pytest-aiohttp (>=1.0.5)", "pytest-asyncio (>=0.24.0)", "pytest-cov (>=5.0.0)", "pytest-profiling (>=1.7.0)", "pytest-timeout (>=2.3.1)", "pytest-xdist (>=3.6.1)", "ruff (>=0.8.2)", "twine (>=5.1.1)", "types-Pygments", "types-pyserial"]
documentation = ["Sphinx (>=7.3.7)", "recommonmark (>=0.7.1)", "sphinx-rtd-theme (>=2.0.0)"]
repl = ["pymodbus-repl (>=2.0.4)"]
serial = ["pyserial (>=3.5)"]
simulator = ["aiohttp (>=3.10.6)", "aiohttp (>=3.8.6)"]

[metadata]
lock-version = "2.0"
python-versions = "^3.11"
content-hash = "c1e7e83a316edbeb443118c96ea5b10911fe9e96b9a4581b8fc8eda470798cd7"
